
Microsoft Visual Studio Solution File, Format Version 12.00
# Visual Studio Version 16
VisualStudioVersion = 16.0.30114.105
MinimumVisualStudioVersion = 10.0.40219.1
Project("{9092AA53-FB77-4645-B42D-1CCCA6BD08BD}") = "3_lab", "3_lab\3_lab.njsproj", "{227F36EC-27C7-47C7-9CF0-85A47F02790E}"
EndProject
Global
	GlobalSection(SolutionConfigurationPlatforms) = preSolution
		Debug|Any CPU = Debug|Any CPU
		Release|Any CPU = Release|Any CPU
	EndGlobalSection
	GlobalSection(ProjectConfigurationPlatforms) = postSolution
		{227F36EC-27C7-47C7-9CF0-85A47F02790E}.Debug|Any CPU.ActiveCfg = Debug|Any CPU
		{227F36EC-27C7-47C7-9CF0-85A47F02790E}.Debug|Any CPU.Build.0 = Debug|Any CPU
		{227F36EC-27C7-47C7-9CF0-85A47F02790E}.Release|Any CPU.ActiveCfg = Release|Any CPU
		{227F36EC-27C7-47C7-9CF0-85A47F02790E}.Release|Any CPU.Build.0 = Release|Any CPU
	EndGlobalSection
	GlobalSection(SolutionProperties) = preSolution
		HideSolutionNode = FALSE
	EndGlobalSection
	GlobalSection(ExtensibilityGlobals) = postSolution
		SolutionGuid = {AE6F6362-7BD2-4B64-B78E-7FB730641DEC}
	EndGlobalSection
EndGlobal
